
Microsoft Visual Studio Solution File, Format Version 12.00
# Visual Studio Version 16
VisualStudioVersion = 16.0.31205.134
MinimumVisualStudioVersion = 10.0.40219.1
Project("{FAE04EC0-301F-11D3-BF4B-00C04F79EFBC}") = "BaseProject", "BaseProject\BaseProject.csproj", "{FBEB5EA2-1C24-42A1-AD65-07C80D5974EC}"
EndProject
Global
	GlobalSection(SolutionConfigurationPlatforms) = preSolution
		Debug|Any CPU = Debug|Any CPU
		Release|Any CPU = Release|Any CPU
	EndGlobalSection
	GlobalSection(ProjectConfigurationPlatforms) = postSolution
		{FBEB5EA2-1C24-42A1-AD65-07C80D5974EC}.Debug|Any CPU.ActiveCfg = Debug|Any CPU
		{FBEB5EA2-1C24-42A1-AD65-07C80D5974EC}.Debug|Any CPU.Build.0 = Debug|Any CPU
		{FBEB5EA2-1C24-42A1-AD65-07C80D5974EC}.Release|Any CPU.ActiveCfg = Release|Any CPU
		{FBEB5EA2-1C24-42A1-AD65-07C80D5974EC}.Release|Any CPU.Build.0 = Release|Any CPU
	EndGlobalSection
	GlobalSection(SolutionProperties) = preSolution
		HideSolutionNode = FALSE
	EndGlobalSection
	GlobalSection(ExtensibilityGlobals) = postSolution
		SolutionGuid = {433333DE-4F7E-4133-90C9-E56F0AECB504}
	EndGlobalSection
EndGlobal
